
Microsoft Visual Studio Solution File, Format Version 12.00
# Visual Studio Version 17
VisualStudioVersion = 17.11.35327.3
MinimumVisualStudioVersion = 10.0.40219.1
Project("{8BC9CEB8-8B4A-11D0-8D11-00A0C91BC942}") = "Lab_8", "Lab_8\Lab_8.vcxproj", "{43B2874B-97DB-4C07-9A4F-52AE58C1ADA9}"
EndProject
Global
	GlobalSection(SolutionConfigurationPlatforms) = preSolution
		Debug|x64 = Debug|x64
		Debug|x86 = Debug|x86
		Release|x64 = Release|x64
		Release|x86 = Release|x86
	EndGlobalSection
	GlobalSection(ProjectConfigurationPlatforms) = postSolution
		{43B2874B-97DB-4C07-9A4F-52AE58C1ADA9}.Debug|x64.ActiveCfg = Debug|x64
		{43B2874B-97DB-4C07-9A4F-52AE58C1ADA9}.Debug|x64.Build.0 = Debug|x64
		{43B2874B-97DB-4C07-9A4F-52AE58C1ADA9}.Debug|x86.ActiveCfg = Debug|Win32
		{43B2874B-97DB-4C07-9A4F-52AE58C1ADA9}.Debug|x86.Build.0 = Debug|Win32
		{43B2874B-97DB-4C07-9A4F-52AE58C1ADA9}.Release|x64.ActiveCfg = Release|x64
		{43B2874B-97DB-4C07-9A4F-52AE58C1ADA9}.Release|x64.Build.0 = Release|x64
		{43B2874B-97DB-4C07-9A4F-52AE58C1ADA9}.Release|x86.ActiveCfg = Release|Win32
		{43B2874B-97DB-4C07-9A4F-52AE58C1ADA9}.Release|x86.Build.0 = Release|Win32
	EndGlobalSection
	GlobalSection(SolutionProperties) = preSolution
		HideSolutionNode = FALSE
	EndGlobalSection
	GlobalSection(ExtensibilityGlobals) = postSolution
		SolutionGuid = {E351DF82-F6CB-44C5-BD24-E280C8D56A69}
	EndGlobalSection
EndGlobal
